
Microsoft Visual Studio Solution File, Format Version 12.00
# Visual Studio Version 17
VisualStudioVersion = 17.5.33530.505
MinimumVisualStudioVersion = 10.0.40219.1
Project("{FAE04EC0-301F-11D3-BF4B-00C04F79EFBC}") = "BookStore", "BookStore\BookStore.csproj", "{CDD951AA-5D55-43E6-BC31-8FFEF3780E49}"
EndProject
Global
	GlobalSection(SolutionConfigurationPlatforms) = preSolution
		Debug|Any CPU = Debug|Any CPU
		Release|Any CPU = Release|Any CPU
	EndGlobalSection
	GlobalSection(ProjectConfigurationPlatforms) = postSolution
		{CDD951AA-5D55-43E6-BC31-8FFEF3780E49}.Debug|Any CPU.ActiveCfg = Debug|Any CPU
		{CDD951AA-5D55-43E6-BC31-8FFEF3780E49}.Debug|Any CPU.Build.0 = Debug|Any CPU
		{CDD951AA-5D55-43E6-BC31-8FFEF3780E49}.Release|Any CPU.ActiveCfg = Release|Any CPU
		{CDD951AA-5D55-43E6-BC31-8FFEF3780E49}.Release|Any CPU.Build.0 = Release|Any CPU
	EndGlobalSection
	GlobalSection(SolutionProperties) = preSolution
		HideSolutionNode = FALSE
	EndGlobalSection
	GlobalSection(ExtensibilityGlobals) = postSolution
		SolutionGuid = {388A8779-32BD-4B5F-8D47-8B88E65EC465}
	EndGlobalSection
EndGlobal
